Microsoft Visual Studio Solution File, Format Version 11.00
# Visual Studio 2010
Project("{2150E333-8FDC-42A3-9474-1A3956D46DE8}") = "Libs", "Libs", "{D1E1C831-5824-4FAC-964D-ACDE9C2DA6ED}"
EndProject
Project("{2150E333-8FDC-42A3-9474-1A3956D46DE8}") = "Libs Editor", "Libs Editor", "{8C1055F1-7F7E-481D-94DE-76E4CB986A62}"
EndProject
Project("{8BC9CEB8-8B4A-11D0-8D11-00A0C91BC942}") = "BB", "BB\BB.vcxproj", "{C2921FB0-3D45-434A-9A3D-DC222438738C}"
EndProject
Project("{8BC9CEB8-8B4A-11D0-8D11-00A0C91BC942}") = "BBDX2", "BBDX2\BBDX2.vcxproj", "{C3BA8CDA-6361-46C2-BA11-81087106B463}"
EndProject
Project("{8BC9CEB8-8B4A-11D0-8D11-00A0C91BC942}") = "LT", "LT\LT\LT.vcxproj", "{49C1103B-DDE1-4B3D-BB25-79C44CBF8ED9}"
EndProject
Project("{8BC9CEB8-8B4A-11D0-8D11-00A0C91BC942}") = "NGUI", "NGUI\IDE\NGUI.vcxproj", "{AF507049-0640-494D-8496-633363D1AB3F}"
EndProject
Project("{8BC9CEB8-8B4A-11D0-8D11-00A0C91BC942}") = "RCT", "RCT\RCT\RCT.vcxproj", "{15AD8695-703E-46C7-9DFC-D4697E4DB6E0}"
EndProject
Project("{8BC9CEB8-8B4A-11D0-8D11-00A0C91BC942}") = "RCClient", "RCClient\RCClient.vcxproj", "{13951268-7AD7-42E9-945C-B6F59883CEF5}"
EndProject
Project("{8BC9CEB8-8B4A-11D0-8D11-00A0C91BC942}") = "NGUINet", "NGUINet\NGUINet\NGUINet.vcxproj", "{359AC546-F71C-4A6A-9A45-3D04CC4DB2E5}"
EndProject
Project("{FAE04EC0-301F-11D3-BF4B-00C04F79EFBC}") = "RCTEStandard", "RCT.Net\RCTEStandard\RCTEStandard.csproj", "{D1A67C19-DA98-43E4-86A9-60D943AD8F81}"
	ProjectSection(ProjectDependencies) = postProject
		{4E64A1A4-957F-4164-8777-B3C28C3B6F29} = {4E64A1A4-957F-4164-8777-B3C28C3B6F29}
	EndProjectSection
EndProject
Project("{FAE04EC0-301F-11D3-BF4B-00C04F79EFBC}") = "RCTPlugin", "RCT.Net\RCTPlugin\RCTPlugin.csproj", "{4E64A1A4-957F-4164-8777-B3C28C3B6F29}"
EndProject
Project("{FAE04EC0-301F-11D3-BF4B-00C04F79EFBC}") = "HeightMap", "RCT.Net\HeightMap\HeightMap.csproj", "{B590FFB2-AF1C-4F51-B645-B4E0AE8A0A86}"
	ProjectSection(ProjectDependencies) = postProject
		{4E64A1A4-957F-4164-8777-B3C28C3B6F29} = {4E64A1A4-957F-4164-8777-B3C28C3B6F29}
	EndProjectSection
EndProject
Project("{FAE04EC0-301F-11D3-BF4B-00C04F79EFBC}") = "L3DT", "RCT.Net\L3DT\L3DT.csproj", "{EAE3C5C0-C1DD-4C7D-B9A7-661CB41FD0F2}"
	ProjectSection(ProjectDependencies) = postProject
		{4E64A1A4-957F-4164-8777-B3C28C3B6F29} = {4E64A1A4-957F-4164-8777-B3C28C3B6F29}
	EndProjectSection
EndProject
Project("{8BC9CEB8-8B4A-11D0-8D11-00A0C91BC942}") = "LibHFZ", "RCT.Net\LibHFZ\LibHFZ.vcxproj", "{16C4A475-CB17-4E3F-9902-F68D4046A08D}"
EndProject
Project("{FAE04EC0-301F-11D3-BF4B-00C04F79EFBC}") = "RAW", "RCT.Net\RAW\RAW.csproj", "{A152F77D-FA65-4475-951A-CF8D707680C9}"
	ProjectSection(ProjectDependencies) = postProject
		{4E64A1A4-957F-4164-8777-B3C28C3B6F29} = {4E64A1A4-957F-4164-8777-B3C28C3B6F29}
	EndProjectSection
EndProject
Project("{FAE04EC0-301F-11D3-BF4B-00C04F79EFBC}") = "Realm Crafter GE", "Realm Crafter GE\Realm Crafter GE.csproj", "{17476635-0B40-4476-B03B-C0D30409AFFE}"
	ProjectSection(ProjectDependencies) = postProject
		{CD21FD07-4A7E-453F-8BBD-5F8E7117FC4A} = {CD21FD07-4A7E-453F-8BBD-5F8E7117FC4A}
		{D1A67C19-DA98-43E4-86A9-60D943AD8F81} = {D1A67C19-DA98-43E4-86A9-60D943AD8F81}
		{359AC546-F71C-4A6A-9A45-3D04CC4DB2E5} = {359AC546-F71C-4A6A-9A45-3D04CC4DB2E5}
		{16C4A475-CB17-4E3F-9902-F68D4046A08D} = {16C4A475-CB17-4E3F-9902-F68D4046A08D}
		{15E11078-5403-4605-B44B-C6978A8D850B} = {15E11078-5403-4605-B44B-C6978A8D850B}
		{A152F77D-FA65-4475-951A-CF8D707680C9} = {A152F77D-FA65-4475-951A-CF8D707680C9}
		{15AD8695-703E-46C7-9DFC-D4697E4DB6E0} = {15AD8695-703E-46C7-9DFC-D4697E4DB6E0}
		{4E64A1A4-957F-4164-8777-B3C28C3B6F29} = {4E64A1A4-957F-4164-8777-B3C28C3B6F29}
		{B590FFB2-AF1C-4F51-B645-B4E0AE8A0A86} = {B590FFB2-AF1C-4F51-B645-B4E0AE8A0A86}
		{EAE3C5C0-C1DD-4C7D-B9A7-661CB41FD0F2} = {EAE3C5C0-C1DD-4C7D-B9A7-661CB41FD0F2}
		{C3BA8CDA-6361-46C2-BA11-81087106B463} = {C3BA8CDA-6361-46C2-BA11-81087106B463}
	EndProjectSection
EndProject
Project("{8BC9CEB8-8B4A-11D0-8D11-00A0C91BC942}") = "TestBBDX2", "TestBBDX2\TestBBDX2.vcxproj", "{37277DF7-A795-43B9-9B61-3AAF0C1ABB40}"
	ProjectSection(ProjectDependencies) = postProject
		{C2921FB0-3D45-434A-9A3D-DC222438738C} = {C2921FB0-3D45-434A-9A3D-DC222438738C}
		{C3BA8CDA-6361-46C2-BA11-81087106B463} = {C3BA8CDA-6361-46C2-BA11-81087106B463}
	EndProjectSection
EndProject
Project("{8BC9CEB8-8B4A-11D0-8D11-00A0C91BC942}") = "RCT.Net", "RCT.Net\RCT.Net\RCT.Net.vcxproj", "{CD21FD07-4A7E-453F-8BBD-5F8E7117FC4A}"
	ProjectSection(ProjectDependencies) = postProject
		{359AC546-F71C-4A6A-9A45-3D04CC4DB2E5} = {359AC546-F71C-4A6A-9A45-3D04CC4DB2E5}
	EndProjectSection
EndProject
Project("{8BC9CEB8-8B4A-11D0-8D11-00A0C91BC942}") = "LT.Net", "LT\LT.Net\LT.Net.vcxproj", "{15E11078-5403-4605-B44B-C6978A8D850B}"
EndProject
Project("{8BC9CEB8-8B4A-11D0-8D11-00A0C91BC942}") = "NGUID3D9", "NGUID3D9\NGUID3D9.vcxproj", "{92CF5307-3B7C-401D-A020-DCD54EB451AE}"
EndProject
Project("{8BC9CEB8-8B4A-11D0-8D11-00A0C91BC942}") = "SDK", "SDK\SDK.vcxproj", "{09919FA8-081D-4A86-88CC-97AC897A0414}"
	ProjectSection(ProjectDependencies) = postProject
		{AF507049-0640-494D-8496-633363D1AB3F} = {AF507049-0640-494D-8496-633363D1AB3F}
	EndProjectSection
EndProject
Project("{8BC9CEB8-8B4A-11D0-8D11-00A0C91BC942}") = "SDKNet", "SDKNet\SDKNet.vcxproj", "{E124B6E3-0D54-4034-8D92-0165DFDDCBB1}"
	ProjectSection(ProjectDependencies) = postProject
		{AF507049-0640-494D-8496-633363D1AB3F} = {AF507049-0640-494D-8496-633363D1AB3F}
		{C2921FB0-3D45-434A-9A3D-DC222438738C} = {C2921FB0-3D45-434A-9A3D-DC222438738C}
		{C3BA8CDA-6361-46C2-BA11-81087106B463} = {C3BA8CDA-6361-46C2-BA11-81087106B463}
	EndProjectSection
EndProject
Project("{FAE04EC0-301F-11D3-BF4B-00C04F79EFBC}") = "DefaultEnvironmentConfigure", "DefaultEnvironmentConfigure\DefaultEnvironmentConfigure.csproj", "{8CED89D5-E91D-4D8A-8FD4-6E3FC0167393}"
EndProject
Project("{FAE04EC0-301F-11D3-BF4B-00C04F79EFBC}") = "SDKPlugin", "SDKPlugin\SDKPlugin.csproj", "{68464370-B5D0-46EC-AEA7-3C190F0E25E6}"
EndProject
Project("{FAE04EC0-301F-11D3-BF4B-00C04F79EFBC}") = "SDKCompiler", "SDKCompiler\SDKCompiler.csproj", "{43A8FF0A-ABF8-4174-8FA6-7AF542850194}"
EndProject
Global
	GlobalSection(SolutionConfigurationPlatforms) = preSolution
		Debug|Win32 = Debug|Win32
		Release|Win32 = Release|Win32
		Release2|Win32 = Release2|Win32
		ReleaseToTest|Win32 = ReleaseToTest|Win32
		ReleaseToTestProject|Win32 = ReleaseToTestProject|Win32
	EndGlobalSection
	GlobalSection(ProjectConfigurationPlatforms) = postSolution
		{C2921FB0-3D45-434A-9A3D-DC222438738C}.Debug|Win32.ActiveCfg = Debug|Win32
		{C2921FB0-3D45-434A-9A3D-DC222438738C}.Debug|Win32.Build.0 = Debug|Win32
		{C2921FB0-3D45-434A-9A3D-DC222438738C}.Release|Win32.ActiveCfg = Release|Win32
		{C2921FB0-3D45-434A-9A3D-DC222438738C}.Release|Win32.Build.0 = Release|Win32
		{C2921FB0-3D45-434A-9A3D-DC222438738C}.Release2|Win32.ActiveCfg = Release|Win32
		{C2921FB0-3D45-434A-9A3D-DC222438738C}.Release2|Win32.Build.0 = Release|Win32
		{C2921FB0-3D45-434A-9A3D-DC222438738C}.ReleaseToTest|Win32.ActiveCfg = Release|Win32
		{C2921FB0-3D45-434A-9A3D-DC222438738C}.ReleaseToTest|Win32.Build.0 = Release|Win32
		{C2921FB0-3D45-434A-9A3D-DC222438738C}.ReleaseToTestProject|Win32.ActiveCfg = Release|Win32
		{C2921FB0-3D45-434A-9A3D-DC222438738C}.ReleaseToTestProject|Win32.Build.0 = Release|Win32
		{C3BA8CDA-6361-46C2-BA11-81087106B463}.Debug|Win32.ActiveCfg = Debug|Win32
		{C3BA8CDA-6361-46C2-BA11-81087106B463}.Debug|Win32.Build.0 = Debug|Win32
		{C3BA8CDA-6361-46C2-BA11-81087106B463}.Release|Win32.ActiveCfg = Release|Win32
		{C3BA8CDA-6361-46C2-BA11-81087106B463}.Release|Win32.Build.0 = Release|Win32
		{C3BA8CDA-6361-46C2-BA11-81087106B463}.Release2|Win32.ActiveCfg = Release|Win32
		{C3BA8CDA-6361-46C2-BA11-81087106B463}.Release2|Win32.Build.0 = Release|Win32
		{C3BA8CDA-6361-46C2-BA11-81087106B463}.ReleaseToTest|Win32.ActiveCfg = Release|Win32
		{C3BA8CDA-6361-46C2-BA11-81087106B463}.ReleaseToTest|Win32.Build.0 = Release|Win32
		{C3BA8CDA-6361-46C2-BA11-81087106B463}.ReleaseToTestProject|Win32.ActiveCfg = Release|Win32
		{C3BA8CDA-6361-46C2-BA11-81087106B463}.ReleaseToTestProject|Win32.Build.0 = Release|Win32
		{49C1103B-DDE1-4B3D-BB25-79C44CBF8ED9}.Debug|Win32.ActiveCfg = Debug|Win32
		{49C1103B-DDE1-4B3D-BB25-79C44CBF8ED9}.Debug|Win32.Build.0 = Debug|Win32
		{49C1103B-DDE1-4B3D-BB25-79C44CBF8ED9}.Release|Win32.ActiveCfg = Release|Win32
		{49C1103B-DDE1-4B3D-BB25-79C44CBF8ED9}.Release|Win32.Build.0 = Release|Win32
		{49C1103B-DDE1-4B3D-BB25-79C44CBF8ED9}.Release2|Win32.ActiveCfg = Release|Win32
		{49C1103B-DDE1-4B3D-BB25-79C44CBF8ED9}.Release2|Win32.Build.0 = Release|Win32
		{49C1103B-DDE1-4B3D-BB25-79C44CBF8ED9}.ReleaseToTest|Win32.ActiveCfg = Release|Win32
		{49C1103B-DDE1-4B3D-BB25-79C44CBF8ED9}.ReleaseToTest|Win32.Build.0 = Release|Win32
		{49C1103B-DDE1-4B3D-BB25-79C44CBF8ED9}.ReleaseToTestProject|Win32.ActiveCfg = Release|Win32
		{49C1103B-DDE1-4B3D-BB25-79C44CBF8ED9}.ReleaseToTestProject|Win32.Build.0 = Release|Win32
		{AF507049-0640-494D-8496-633363D1AB3F}.Debug|Win32.ActiveCfg = Debug|Win32
		{AF507049-0640-494D-8496-633363D1AB3F}.Debug|Win32.Build.0 = Debug|Win32
		{AF507049-0640-494D-8496-633363D1AB3F}.Release|Win32.ActiveCfg = Release|Win32
		{AF507049-0640-494D-8496-633363D1AB3F}.Release|Win32.Build.0 = Release|Win32
		{AF507049-0640-494D-8496-633363D1AB3F}.Release2|Win32.ActiveCfg = Release|Win32
		{AF507049-0640-494D-8496-633363D1AB3F}.Release2|Win32.Build.0 = Release|Win32
		{AF507049-0640-494D-8496-633363D1AB3F}.ReleaseToTest|Win32.ActiveCfg = Release|Win32
		{AF507049-0640-494D-8496-633363D1AB3F}.ReleaseToTest|Win32.Build.0 = Release|Win32
		{AF507049-0640-494D-8496-633363D1AB3F}.ReleaseToTestProject|Win32.ActiveCfg = Release|Win32
		{AF507049-0640-494D-8496-633363D1AB3F}.ReleaseToTestProject|Win32.Build.0 = Release|Win32
		{15AD8695-703E-46C7-9DFC-D4697E4DB6E0}.Debug|Win32.ActiveCfg = Debug|Win32
		{15AD8695-703E-46C7-9DFC-D4697E4DB6E0}.Debug|Win32.Build.0 = Debug|Win32
		{15AD8695-703E-46C7-9DFC-D4697E4DB6E0}.Release|Win32.ActiveCfg = Release|Win32
		{15AD8695-703E-46C7-9DFC-D4697E4DB6E0}.Release|Win32.Build.0 = Release|Win32
		{15AD8695-703E-46C7-9DFC-D4697E4DB6E0}.Release2|Win32.ActiveCfg = Release|Win32
		{15AD8695-703E-46C7-9DFC-D4697E4DB6E0}.Release2|Win32.Build.0 = Release|Win32
		{15AD8695-703E-46C7-9DFC-D4697E4DB6E0}.ReleaseToTest|Win32.ActiveCfg = Release|Win32
		{15AD8695-703E-46C7-9DFC-D4697E4DB6E0}.ReleaseToTest|Win32.Build.0 = Release|Win32
		{15AD8695-703E-46C7-9DFC-D4697E4DB6E0}.ReleaseToTestProject|Win32.ActiveCfg = Release|Win32
		{15AD8695-703E-46C7-9DFC-D4697E4DB6E0}.ReleaseToTestProject|Win32.Build.0 = Release|Win32
		{13951268-7AD7-42E9-945C-B6F59883CEF5}.Debug|Win32.ActiveCfg = Debug|Win32
		{13951268-7AD7-42E9-945C-B6F59883CEF5}.Debug|Win32.Build.0 = Debug|Win32
		{13951268-7AD7-42E9-945C-B6F59883CEF5}.Release|Win32.ActiveCfg = Release|Win32
		{13951268-7AD7-42E9-945C-B6F59883CEF5}.Release|Win32.Build.0 = Release|Win32
		{13951268-7AD7-42E9-945C-B6F59883CEF5}.Release2|Win32.ActiveCfg = Release|Win32
		{13951268-7AD7-42E9-945C-B6F59883CEF5}.Release2|Win32.Build.0 = Release|Win32
		{13951268-7AD7-42E9-945C-B6F59883CEF5}.ReleaseToTest|Win32.ActiveCfg = Release|Win32
		{13951268-7AD7-42E9-945C-B6F59883CEF5}.ReleaseToTest|Win32.Build.0 = Release|Win32
		{13951268-7AD7-42E9-945C-B6F59883CEF5}.ReleaseToTestProject|Win32.ActiveCfg = Release|Win32
		{13951268-7AD7-42E9-945C-B6F59883CEF5}.ReleaseToTestProject|Win32.Build.0 = Release|Win32
		{359AC546-F71C-4A6A-9A45-3D04CC4DB2E5}.Debug|Win32.ActiveCfg = Debug|Win32
		{359AC546-F71C-4A6A-9A45-3D04CC4DB2E5}.Debug|Win32.Build.0 = Debug|Win32
		{359AC546-F71C-4A6A-9A45-3D04CC4DB2E5}.Release|Win32.ActiveCfg = Release|Win32
		{359AC546-F71C-4A6A-9A45-3D04CC4DB2E5}.Release|Win32.Build.0 = Release|Win32
		{359AC546-F71C-4A6A-9A45-3D04CC4DB2E5}.Release2|Win32.ActiveCfg = Release2|Win32
		{359AC546-F71C-4A6A-9A45-3D04CC4DB2E5}.Release2|Win32.Build.0 = Release2|Win32
		{359AC546-F71C-4A6A-9A45-3D04CC4DB2E5}.ReleaseToTest|Win32.ActiveCfg = Release2|Win32
		{359AC546-F71C-4A6A-9A45-3D04CC4DB2E5}.ReleaseToTest|Win32.Build.0 = Release2|Win32
		{359AC546-F71C-4A6A-9A45-3D04CC4DB2E5}.ReleaseToTestProject|Win32.ActiveCfg = Release2|Win32
		{359AC546-F71C-4A6A-9A45-3D04CC4DB2E5}.ReleaseToTestProject|Win32.Build.0 = Release2|Win32
		{D1A67C19-DA98-43E4-86A9-60D943AD8F81}.Debug|Win32.ActiveCfg = Debug|Any CPU
		{D1A67C19-DA98-43E4-86A9-60D943AD8F81}.Debug|Win32.Build.0 = Debug|Any CPU
		{D1A67C19-DA98-43E4-86A9-60D943AD8F81}.Release|Win32.ActiveCfg = Release|Any CPU
		{D1A67C19-DA98-43E4-86A9-60D943AD8F81}.Release|Win32.Build.0 = Release|Any CPU
		{D1A67C19-DA98-43E4-86A9-60D943AD8F81}.Release2|Win32.ActiveCfg = Release|Any CPU
		{D1A67C19-DA98-43E4-86A9-60D943AD8F81}.ReleaseToTest|Win32.ActiveCfg = Release|Any CPU
		{D1A67C19-DA98-43E4-86A9-60D943AD8F81}.ReleaseToTestProject|Win32.ActiveCfg = Release|Any CPU
		{4E64A1A4-957F-4164-8777-B3C28C3B6F29}.Debug|Win32.ActiveCfg = Debug|Any CPU
		{4E64A1A4-957F-4164-8777-B3C28C3B6F29}.Debug|Win32.Build.0 = Debug|Any CPU
		{4E64A1A4-957F-4164-8777-B3C28C3B6F29}.Release|Win32.ActiveCfg = Release|Any CPU
		{4E64A1A4-957F-4164-8777-B3C28C3B6F29}.Release|Win32.Build.0 = Release|Any CPU
		{4E64A1A4-957F-4164-8777-B3C28C3B6F29}.Release2|Win32.ActiveCfg = Release|Any CPU
		{4E64A1A4-957F-4164-8777-B3C28C3B6F29}.ReleaseToTest|Win32.ActiveCfg = Release|Any CPU
		{4E64A1A4-957F-4164-8777-B3C28C3B6F29}.ReleaseToTestProject|Win32.ActiveCfg = Release|Any CPU
		{B590FFB2-AF1C-4F51-B645-B4E0AE8A0A86}.Debug|Win32.ActiveCfg = Debug|Any CPU
		{B590FFB2-AF1C-4F51-B645-B4E0AE8A0A86}.Debug|Win32.Build.0 = Debug|Any CPU
		{B590FFB2-AF1C-4F51-B645-B4E0AE8A0A86}.Release|Win32.ActiveCfg = Release|Any CPU
		{B590FFB2-AF1C-4F51-B645-B4E0AE8A0A86}.Release|Win32.Build.0 = Release|Any CPU
		{B590FFB2-AF1C-4F51-B645-B4E0AE8A0A86}.Release2|Win32.ActiveCfg = Release|Any CPU
		{B590FFB2-AF1C-4F51-B645-B4E0AE8A0A86}.ReleaseToTest|Win32.ActiveCfg = Release|Any CPU
		{B590FFB2-AF1C-4F51-B645-B4E0AE8A0A86}.ReleaseToTestProject|Win32.ActiveCfg = Release|Any CPU
		{EAE3C5C0-C1DD-4C7D-B9A7-661CB41FD0F2}.Debug|Win32.ActiveCfg = Debug|Any CPU
		{EAE3C5C0-C1DD-4C7D-B9A7-661CB41FD0F2}.Debug|Win32.Build.0 = Debug|Any CPU
		{EAE3C5C0-C1DD-4C7D-B9A7-661CB41FD0F2}.Release|Win32.ActiveCfg = Release|Any CPU
		{EAE3C5C0-C1DD-4C7D-B9A7-661CB41FD0F2}.Release|Win32.Build.0 = Release|Any CPU
		{EAE3C5C0-C1DD-4C7D-B9A7-661CB41FD0F2}.Release2|Win32.ActiveCfg = Release|Any CPU
		{EAE3C5C0-C1DD-4C7D-B9A7-661CB41FD0F2}.ReleaseToTest|Win32.ActiveCfg = Release|Any CPU
		{EAE3C5C0-C1DD-4C7D-B9A7-661CB41FD0F2}.ReleaseToTestProject|Win32.ActiveCfg = Release|Any CPU
		{16C4A475-CB17-4E3F-9902-F68D4046A08D}.Debug|Win32.ActiveCfg = Debug|Win32
		{16C4A475-CB17-4E3F-9902-F68D4046A08D}.Debug|Win32.Build.0 = Debug|Win32
		{16C4A475-CB17-4E3F-9902-F68D4046A08D}.Release|Win32.ActiveCfg = Release|Win32
		{16C4A475-CB17-4E3F-9902-F68D4046A08D}.Release|Win32.Build.0 = Release|Win32
		{16C4A475-CB17-4E3F-9902-F68D4046A08D}.Release2|Win32.ActiveCfg = Release|Win32
		{16C4A475-CB17-4E3F-9902-F68D4046A08D}.Release2|Win32.Build.0 = Release|Win32
		{16C4A475-CB17-4E3F-9902-F68D4046A08D}.ReleaseToTest|Win32.ActiveCfg = Release|Win32
		{16C4A475-CB17-4E3F-9902-F68D4046A08D}.ReleaseToTest|Win32.Build.0 = Release|Win32
		{16C4A475-CB17-4E3F-9902-F68D4046A08D}.ReleaseToTestProject|Win32.ActiveCfg = Release|Win32
		{16C4A475-CB17-4E3F-9902-F68D4046A08D}.ReleaseToTestProject|Win32.Build.0 = Release|Win32
		{A152F77D-FA65-4475-951A-CF8D707680C9}.Debug|Win32.ActiveCfg = Debug|Any CPU
		{A152F77D-FA65-4475-951A-CF8D707680C9}.Debug|Win32.Build.0 = Debug|Any CPU
		{A152F77D-FA65-4475-951A-CF8D707680C9}.Release|Win32.ActiveCfg = Release|Any CPU
		{A152F77D-FA65-4475-951A-CF8D707680C9}.Release|Win32.Build.0 = Release|Any CPU
		{A152F77D-FA65-4475-951A-CF8D707680C9}.Release2|Win32.ActiveCfg = Release|Any CPU
		{A152F77D-FA65-4475-951A-CF8D707680C9}.ReleaseToTest|Win32.ActiveCfg = Release|Any CPU
		{A152F77D-FA65-4475-951A-CF8D707680C9}.ReleaseToTestProject|Win32.ActiveCfg = Release|Any CPU
		{17476635-0B40-4476-B03B-C0D30409AFFE}.Debug|Win32.ActiveCfg = Debug|Any CPU
		{17476635-0B40-4476-B03B-C0D30409AFFE}.Debug|Win32.Build.0 = Debug|Any CPU
		{17476635-0B40-4476-B03B-C0D30409AFFE}.Release|Win32.ActiveCfg = Release|Any CPU
		{17476635-0B40-4476-B03B-C0D30409AFFE}.Release|Win32.Build.0 = Release|Any CPU
		{17476635-0B40-4476-B03B-C0D30409AFFE}.Release2|Win32.ActiveCfg = ReleaseToTest|Any CPU
		{17476635-0B40-4476-B03B-C0D30409AFFE}.ReleaseToTest|Win32.ActiveCfg = ReleaseToTest|Any CPU
		{17476635-0B40-4476-B03B-C0D30409AFFE}.ReleaseToTestProject|Win32.ActiveCfg = ReleaseToTestProject|Any CPU
		{37277DF7-A795-43B9-9B61-3AAF0C1ABB40}.Debug|Win32.ActiveCfg = Debug|Win32
		{37277DF7-A795-43B9-9B61-3AAF0C1ABB40}.Debug|Win32.Build.0 = Debug|Win32
		{37277DF7-A795-43B9-9B61-3AAF0C1ABB40}.Release|Win32.ActiveCfg = Release|Win32
		{37277DF7-A795-43B9-9B61-3AAF0C1ABB40}.Release|Win32.Build.0 = Release|Win32
		{37277DF7-A795-43B9-9B61-3AAF0C1ABB40}.Release2|Win32.ActiveCfg = Release|Win32
		{37277DF7-A795-43B9-9B61-3AAF0C1ABB40}.Release2|Win32.Build.0 = Release|Win32
		{37277DF7-A795-43B9-9B61-3AAF0C1ABB40}.ReleaseToTest|Win32.ActiveCfg = Release|Win32
		{37277DF7-A795-43B9-9B61-3AAF0C1ABB40}.ReleaseToTest|Win32.Build.0 = Release|Win32
		{37277DF7-A795-43B9-9B61-3AAF0C1ABB40}.ReleaseToTestProject|Win32.ActiveCfg = Release|Win32
		{37277DF7-A795-43B9-9B61-3AAF0C1ABB40}.ReleaseToTestProject|Win32.Build.0 = Release|Win32
		{CD21FD07-4A7E-453F-8BBD-5F8E7117FC4A}.Debug|Win32.ActiveCfg = Debug|Win32
		{CD21FD07-4A7E-453F-8BBD-5F8E7117FC4A}.Debug|Win32.Build.0 = Debug|Win32
		{CD21FD07-4A7E-453F-8BBD-5F8E7117FC4A}.Release|Win32.ActiveCfg = Release|Win32
		{CD21FD07-4A7E-453F-8BBD-5F8E7117FC4A}.Release|Win32.Build.0 = Release|Win32
		{CD21FD07-4A7E-453F-8BBD-5F8E7117FC4A}.Release2|Win32.ActiveCfg = Release2|Win32
		{CD21FD07-4A7E-453F-8BBD-5F8E7117FC4A}.Release2|Win32.Build.0 = Release2|Win32
		{CD21FD07-4A7E-453F-8BBD-5F8E7117FC4A}.ReleaseToTest|Win32.ActiveCfg = Release2|Win32
		{CD21FD07-4A7E-453F-8BBD-5F8E7117FC4A}.ReleaseToTest|Win32.Build.0 = Release2|Win32
		{CD21FD07-4A7E-453F-8BBD-5F8E7117FC4A}.ReleaseToTestProject|Win32.ActiveCfg = Release2|Win32
		{CD21FD07-4A7E-453F-8BBD-5F8E7117FC4A}.ReleaseToTestProject|Win32.Build.0 = Release2|Win32
		{15E11078-5403-4605-B44B-C6978A8D850B}.Debug|Win32.ActiveCfg = Debug|Win32
		{15E11078-5403-4605-B44B-C6978A8D850B}.Debug|Win32.Build.0 = Debug|Win32
		{15E11078-5403-4605-B44B-C6978A8D850B}.Release|Win32.ActiveCfg = Release|Win32
		{15E11078-5403-4605-B44B-C6978A8D850B}.Release|Win32.Build.0 = Release|Win32
		{15E11078-5403-4605-B44B-C6978A8D850B}.Release2|Win32.ActiveCfg = Release|Win32
		{15E11078-5403-4605-B44B-C6978A8D850B}.Release2|Win32.Build.0 = Release|Win32
		{15E11078-5403-4605-B44B-C6978A8D850B}.ReleaseToTest|Win32.ActiveCfg = Release|Win32
		{15E11078-5403-4605-B44B-C6978A8D850B}.ReleaseToTest|Win32.Build.0 = Release|Win32
		{15E11078-5403-4605-B44B-C6978A8D850B}.ReleaseToTestProject|Win32.ActiveCfg = Release|Win32
		{15E11078-5403-4605-B44B-C6978A8D850B}.ReleaseToTestProject|Win32.Build.0 = Release|Win32
		{92CF5307-3B7C-401D-A020-DCD54EB451AE}.Debug|Win32.ActiveCfg = Debug|Win32
		{92CF5307-3B7C-401D-A020-DCD54EB451AE}.Debug|Win32.Build.0 = Debug|Win32
		{92CF5307-3B7C-401D-A020-DCD54EB451AE}.Release|Win32.ActiveCfg = Release|Win32
		{92CF5307-3B7C-401D-A020-DCD54EB451AE}.Release|Win32.Build.0 = Release|Win32
		{92CF5307-3B7C-401D-A020-DCD54EB451AE}.Release2|Win32.ActiveCfg = Release|Win32
		{92CF5307-3B7C-401D-A020-DCD54EB451AE}.Release2|Win32.Build.0 = Release|Win32
		{92CF5307-3B7C-401D-A020-DCD54EB451AE}.ReleaseToTest|Win32.ActiveCfg = Release|Win32
		{92CF5307-3B7C-401D-A020-DCD54EB451AE}.ReleaseToTest|Win32.Build.0 = Release|Win32
		{92CF5307-3B7C-401D-A020-DCD54EB451AE}.ReleaseToTestProject|Win32.ActiveCfg = Release|Win32
		{92CF5307-3B7C-401D-A020-DCD54EB451AE}.ReleaseToTestProject|Win32.Build.0 = Release|Win32
		{09919FA8-081D-4A86-88CC-97AC897A0414}.Debug|Win32.ActiveCfg = Debug|Win32
		{09919FA8-081D-4A86-88CC-97AC897A0414}.Debug|Win32.Build.0 = Debug|Win32
		{09919FA8-081D-4A86-88CC-97AC897A0414}.Release|Win32.ActiveCfg = Release|Win32
		{09919FA8-081D-4A86-88CC-97AC897A0414}.Release|Win32.Build.0 = Release|Win32
		{09919FA8-081D-4A86-88CC-97AC897A0414}.Release2|Win32.ActiveCfg = Release|Win32
		{09919FA8-081D-4A86-88CC-97AC897A0414}.Release2|Win32.Build.0 = Release|Win32
		{09919FA8-081D-4A86-88CC-97AC897A0414}.ReleaseToTest|Win32.ActiveCfg = Release|Win32
		{09919FA8-081D-4A86-88CC-97AC897A0414}.ReleaseToTest|Win32.Build.0 = Release|Win32
		{09919FA8-081D-4A86-88CC-97AC897A0414}.ReleaseToTestProject|Win32.ActiveCfg = Release|Win32
		{09919FA8-081D-4A86-88CC-97AC897A0414}.ReleaseToTestProject|Win32.Build.0 = Release|Win32
		{E124B6E3-0D54-4034-8D92-0165DFDDCBB1}.Debug|Win32.ActiveCfg = Debug|Win32
		{E124B6E3-0D54-4034-8D92-0165DFDDCBB1}.Debug|Win32.Build.0 = Debug|Win32
		{E124B6E3-0D54-4034-8D92-0165DFDDCBB1}.Release|Win32.ActiveCfg = Release|Win32
		{E124B6E3-0D54-4034-8D92-0165DFDDCBB1}.Release|Win32.Build.0 = Release|Win32
		{E124B6E3-0D54-4034-8D92-0165DFDDCBB1}.Release2|Win32.ActiveCfg = Release|Win32
		{E124B6E3-0D54-4034-8D92-0165DFDDCBB1}.Release2|Win32.Build.0 = Release|Win32
		{E124B6E3-0D54-4034-8D92-0165DFDDCBB1}.ReleaseToTest|Win32.ActiveCfg = Release|Win32
		{E124B6E3-0D54-4034-8D92-0165DFDDCBB1}.ReleaseToTest|Win32.Build.0 = Release|Win32
		{E124B6E3-0D54-4034-8D92-0165DFDDCBB1}.ReleaseToTestProject|Win32.ActiveCfg = Release|Win32
		{E124B6E3-0D54-4034-8D92-0165DFDDCBB1}.ReleaseToTestProject|Win32.Build.0 = Release|Win32
		{8CED89D5-E91D-4D8A-8FD4-6E3FC0167393}.Debug|Win32.ActiveCfg = Debug|Any CPU
		{8CED89D5-E91D-4D8A-8FD4-6E3FC0167393}.Debug|Win32.Build.0 = Debug|Any CPU
		{8CED89D5-E91D-4D8A-8FD4-6E3FC0167393}.Release|Win32.ActiveCfg = Release|Any CPU
		{8CED89D5-E91D-4D8A-8FD4-6E3FC0167393}.Release|Win32.Build.0 = Release|Any CPU
		{8CED89D5-E91D-4D8A-8FD4-6E3FC0167393}.Release2|Win32.ActiveCfg = Release|Any CPU
		{8CED89D5-E91D-4D8A-8FD4-6E3FC0167393}.ReleaseToTest|Win32.ActiveCfg = Release|Any CPU
		{8CED89D5-E91D-4D8A-8FD4-6E3FC0167393}.ReleaseToTestProject|Win32.ActiveCfg = Release|Any CPU
		{68464370-B5D0-46EC-AEA7-3C190F0E25E6}.Debug|Win32.ActiveCfg = Debug|Any CPU
		{68464370-B5D0-46EC-AEA7-3C190F0E25E6}.Debug|Win32.Build.0 = Debug|Any CPU
		{68464370-B5D0-46EC-AEA7-3C190F0E25E6}.Release|Win32.ActiveCfg = Release|Any CPU
		{68464370-B5D0-46EC-AEA7-3C190F0E25E6}.Release|Win32.Build.0 = Release|Any CPU
		{68464370-B5D0-46EC-AEA7-3C190F0E25E6}.Release2|Win32.ActiveCfg = Release|Any CPU
		{68464370-B5D0-46EC-AEA7-3C190F0E25E6}.ReleaseToTest|Win32.ActiveCfg = Release|Any CPU
		{68464370-B5D0-46EC-AEA7-3C190F0E25E6}.ReleaseToTestProject|Win32.ActiveCfg = Release|Any CPU
		{43A8FF0A-ABF8-4174-8FA6-7AF542850194}.Debug|Win32.ActiveCfg = Debug|Any CPU
		{43A8FF0A-ABF8-4174-8FA6-7AF542850194}.Debug|Win32.Build.0 = Debug|Any CPU
		{43A8FF0A-ABF8-4174-8FA6-7AF542850194}.Release|Win32.ActiveCfg = Release|Any CPU
		{43A8FF0A-ABF8-4174-8FA6-7AF542850194}.Release|Win32.Build.0 = Release|Any CPU
		{43A8FF0A-ABF8-4174-8FA6-7AF542850194}.Release2|Win32.ActiveCfg = Release|Any CPU
		{43A8FF0A-ABF8-4174-8FA6-7AF542850194}.ReleaseToTest|Win32.ActiveCfg = Release|Any CPU
		{43A8FF0A-ABF8-4174-8FA6-7AF542850194}.ReleaseToTestProject|Win32.ActiveCfg = Release|Any CPU
	EndGlobalSection
	GlobalSection(SolutionProperties) = preSolution
		HideSolutionNode = FALSE
	EndGlobalSection
	GlobalSection(NestedProjects) = preSolution
		{C2921FB0-3D45-434A-9A3D-DC222438738C} = {D1E1C831-5824-4FAC-964D-ACDE9C2DA6ED}
		{C3BA8CDA-6361-46C2-BA11-81087106B463} = {D1E1C831-5824-4FAC-964D-ACDE9C2DA6ED}
		{49C1103B-DDE1-4B3D-BB25-79C44CBF8ED9} = {D1E1C831-5824-4FAC-964D-ACDE9C2DA6ED}
		{AF507049-0640-494D-8496-633363D1AB3F} = {D1E1C831-5824-4FAC-964D-ACDE9C2DA6ED}
		{15AD8695-703E-46C7-9DFC-D4697E4DB6E0} = {D1E1C831-5824-4FAC-964D-ACDE9C2DA6ED}
		{92CF5307-3B7C-401D-A020-DCD54EB451AE} = {D1E1C831-5824-4FAC-964D-ACDE9C2DA6ED}
		{09919FA8-081D-4A86-88CC-97AC897A0414} = {D1E1C831-5824-4FAC-964D-ACDE9C2DA6ED}
		{359AC546-F71C-4A6A-9A45-3D04CC4DB2E5} = {8C1055F1-7F7E-481D-94DE-76E4CB986A62}
		{D1A67C19-DA98-43E4-86A9-60D943AD8F81} = {8C1055F1-7F7E-481D-94DE-76E4CB986A62}
		{4E64A1A4-957F-4164-8777-B3C28C3B6F29} = {8C1055F1-7F7E-481D-94DE-76E4CB986A62}
		{B590FFB2-AF1C-4F51-B645-B4E0AE8A0A86} = {8C1055F1-7F7E-481D-94DE-76E4CB986A62}
		{EAE3C5C0-C1DD-4C7D-B9A7-661CB41FD0F2} = {8C1055F1-7F7E-481D-94DE-76E4CB986A62}
		{16C4A475-CB17-4E3F-9902-F68D4046A08D} = {8C1055F1-7F7E-481D-94DE-76E4CB986A62}
		{A152F77D-FA65-4475-951A-CF8D707680C9} = {8C1055F1-7F7E-481D-94DE-76E4CB986A62}
		{CD21FD07-4A7E-453F-8BBD-5F8E7117FC4A} = {8C1055F1-7F7E-481D-94DE-76E4CB986A62}
		{15E11078-5403-4605-B44B-C6978A8D850B} = {8C1055F1-7F7E-481D-94DE-76E4CB986A62}
		{E124B6E3-0D54-4034-8D92-0165DFDDCBB1} = {8C1055F1-7F7E-481D-94DE-76E4CB986A62}
		{8CED89D5-E91D-4D8A-8FD4-6E3FC0167393} = {8C1055F1-7F7E-481D-94DE-76E4CB986A62}
		{68464370-B5D0-46EC-AEA7-3C190F0E25E6} = {8C1055F1-7F7E-481D-94DE-76E4CB986A62}
		{43A8FF0A-ABF8-4174-8FA6-7AF542850194} = {8C1055F1-7F7E-481D-94DE-76E4CB986A62}
	EndGlobalSection
EndGlobal
